
Microsoft Visual Studio Solution File, Format Version 12.00
# Visual Studio Version 17
VisualStudioVersion = 17.14.36705.20 d17.14
MinimumVisualStudioVersion = 10.0.40219.1
Project("{FAE04EC0-301F-11D3-BF4B-00C04F79EFBC}") = "AracMuayeneOtomasyonu", "AracMuayeneOtomasyonu.csproj", "{70E86372-F21D-4A29-BA43-4D0D121A73A0}"
EndProject
Global
	GlobalSection(SolutionConfigurationPlatforms) = preSolution
		Debug|Any CPU = Debug|Any CPU
		Release|Any CPU = Release|Any CPU
	EndGlobalSection
	GlobalSection(ProjectConfigurationPlatforms) = postSolution
		{70E86372-F21D-4A29-BA43-4D0D121A73A0}.Debug|Any CPU.ActiveCfg = Debug|Any CPU
		{70E86372-F21D-4A29-BA43-4D0D121A73A0}.Debug|Any CPU.Build.0 = Debug|Any CPU
		{70E86372-F21D-4A29-BA43-4D0D121A73A0}.Release|Any CPU.ActiveCfg = Release|Any CPU
		{70E86372-F21D-4A29-BA43-4D0D121A73A0}.Release|Any CPU.Build.0 = Release|Any CPU
	EndGlobalSection
	GlobalSection(SolutionProperties) = preSolution
		HideSolutionNode = FALSE
	EndGlobalSection
	GlobalSection(ExtensibilityGlobals) = postSolution
		SolutionGuid = {27EAAF55-7F81-49E8-9989-84DDED9F5127}
	EndGlobalSection
EndGlobal
